// !$*UTF8*$!
{
	archiveVersion = 1;
	classes = {
	};
	objectVersion = 56;
	objects = {

/* Begin PBXBuildFile section */
		188300C2296FA71600E418DB /* UITableView.swift in Sources */ = {isa = PBXBuildFile; fileRef = 188300C1296FA71600E418DB /* UITableView.swift */; };
		188508022977A2BF005B7BAB /* Task.swift in Sources */ = {isa = PBXBuildFile; fileRef = 188508012977A2BF005B7BAB /* Task.swift */; };
		188508132977B98D005B7BAB /* Routine.swift in Sources */ = {isa = PBXBuildFile; fileRef = 188508122977B98D005B7BAB /* Routine.swift */; };
		188508152977B993005B7BAB /* Todo.swift in Sources */ = {isa = PBXBuildFile; fileRef = 188508142977B993005B7BAB /* Todo.swift */; };
		1885081C2977F4C0005B7BAB /* ListViewModel.swift in Sources */ = {isa = PBXBuildFile; fileRef = 1885081B2977F4C0005B7BAB /* ListViewModel.swift */; };
		1885081E2977F53A005B7BAB /* RoutineManager.swift in Sources */ = {isa = PBXBuildFile; fileRef = 1885081D2977F53A005B7BAB /* RoutineManager.swift */; };
		188508202977F5CF005B7BAB /* TodoManager.swift in Sources */ = {isa = PBXBuildFile; fileRef = 1885081F2977F5CF005B7BAB /* TodoManager.swift */; };
		1885082229784FC9005B7BAB /* Date.swift in Sources */ = {isa = PBXBuildFile; fileRef = 1885082129784FC9005B7BAB /* Date.swift */; };
		1888269829794BDF00B6523A /* ListViewControllerTests.swift in Sources */ = {isa = PBXBuildFile; fileRef = 1888269729794BDF00B6523A /* ListViewControllerTests.swift */; };
		188826AE29794C2100B6523A /* ListViewModelTests.swift in Sources */ = {isa = PBXBuildFile; fileRef = 188826AD29794C2100B6523A /* ListViewModelTests.swift */; };
		188826B629796D6E00B6523A /* CreateRoutineViewControllerTests.swift in Sources */ = {isa = PBXBuildFile; fileRef = 188826B529796D6E00B6523A /* CreateRoutineViewControllerTests.swift */; };
		188826B729796D6E00B6523A /* CreateRoutineViewControllerTests.swift in Sources */ = {isa = PBXBuildFile; fileRef = 188826B529796D6E00B6523A /* CreateRoutineViewControllerTests.swift */; };
		188BF94329724E3B0057C250 /* CreateRoutineViewController.swift in Sources */ = {isa = PBXBuildFile; fileRef = 188BF94229724E3B0057C250 /* CreateRoutineViewController.swift */; };
		18B6265C296F111200BDAB50 /* UIColor.swift in Sources */ = {isa = PBXBuildFile; fileRef = 18B6265B296F111200BDAB50 /* UIColor.swift */; };
		18B6265E296F118F00BDAB50 /* ButtonRoutineTableViewCell.swift in Sources */ = {isa = PBXBuildFile; fileRef = 18B6265D296F118F00BDAB50 /* ButtonRoutineTableViewCell.swift */; };
		18B62669296F11F200BDAB50 /* TextRoutineTableViewCell.swift in Sources */ = {isa = PBXBuildFile; fileRef = 18B62667296F11F200BDAB50 /* TextRoutineTableViewCell.swift */; };
		18B6266A296F11F200BDAB50 /* DailyCollectionViewCell.swift in Sources */ = {isa = PBXBuildFile; fileRef = 18B62668296F11F200BDAB50 /* DailyCollectionViewCell.swift */; };
		18B6266E296F123800BDAB50 /* TodoListTableViewCell.swift in Sources */ = {isa = PBXBuildFile; fileRef = 18B6266D296F123800BDAB50 /* TodoListTableViewCell.swift */; };
		18C363CF296D0C4F00745400 /* ListViewController.swift in Sources */ = {isa = PBXBuildFile; fileRef = 18C363CD296D0C4F00745400 /* ListViewController.swift */; };
		18C363D3296D0D0900745400 /* TabBarController.swift in Sources */ = {isa = PBXBuildFile; fileRef = 18C363D1296D0D0900745400 /* TabBarController.swift */; };
		18C363D7296D100200745400 /* MyInfoViewController.swift in Sources */ = {isa = PBXBuildFile; fileRef = 18C363D5296D100200745400 /* MyInfoViewController.swift */; };
		18C363DB296D105100745400 /* SettingViewController.swift in Sources */ = {isa = PBXBuildFile; fileRef = 18C363D9296D105100745400 /* SettingViewController.swift */; };
		18C363E7296D4D2700745400 /* CircleTextView.swift in Sources */ = {isa = PBXBuildFile; fileRef = 18C363E6296D4D2700745400 /* CircleTextView.swift */; };
		18C363F5296D828400745400 /* UICollectionViewCell.swift in Sources */ = {isa = PBXBuildFile; fileRef = 18C363F4296D828400745400 /* UICollectionViewCell.swift */; };
		18C36400296DBCFE00745400 /* SnapKit-Dynamic in Frameworks */ = {isa = PBXBuildFile; productRef = 18C363FF296DBCFE00745400 /* SnapKit-Dynamic */; };
		18C36402296DBFFC00745400 /* CALayer.swift in Sources */ = {isa = PBXBuildFile; fileRef = 18C36401296DBFFC00745400 /* CALayer.swift */; };
		18C6529729628DDD00EEB927 /* AppDelegate.swift in Sources */ = {isa = PBXBuildFile; fileRef = 18C6529629628DDD00EEB927 /* AppDelegate.swift */; };
		18C6529929628DDD00EEB927 /* SceneDelegate.swift in Sources */ = {isa = PBXBuildFile; fileRef = 18C6529829628DDD00EEB927 /* SceneDelegate.swift */; };
		18C652A029628DDE00EEB927 /* Assets.xcassets in Resources */ = {isa = PBXBuildFile; fileRef = 18C6529F29628DDE00EEB927 /* Assets.xcassets */; };
		18C652A329628DDE00EEB927 /* LaunchScreen.storyboard in Resources */ = {isa = PBXBuildFile; fileRef = 18C652A129628DDE00EEB927 /* LaunchScreen.storyboard */; };
		18C652AD2962A0C400EEB927 /* .swiftlint.yml in Resources */ = {isa = PBXBuildFile; fileRef = 18C652AC2962A0C400EEB927 /* .swiftlint.yml */; };
/* End PBXBuildFile section */

/* Begin PBXContainerItemProxy section */
		1888269B29794BDF00B6523A /* PBXContainerItemProxy */ = {
			isa = PBXContainerItemProxy;
			containerPortal = 18C6528B29628DDD00EEB927 /* Project object */;
			proxyType = 1;
			remoteGlobalIDString = 18C6529229628DDD00EEB927;
			remoteInfo = Routine;
		};
		188826A829794BF800B6523A /* PBXContainerItemProxy */ = {
			isa = PBXContainerItemProxy;
			containerPortal = 18C6528B29628DDD00EEB927 /* Project object */;
			proxyType = 1;
			remoteGlobalIDString = 18C6529229628DDD00EEB927;
			remoteInfo = Routine;
		};
/* End PBXContainerItemProxy section */

/* Begin PBXFileReference section */
		188300C1296FA71600E418DB /* UITableView.swift */ = {isa = PBXFileReference; lastKnownFileType = sourcecode.swift; path = UITableView.swift; sourceTree = "<group>"; };
		188508012977A2BF005B7BAB /* Task.swift */ = {isa = PBXFileReference; lastKnownFileType = sourcecode.swift; path = Task.swift; sourceTree = "<group>"; };
		188508122977B98D005B7BAB /* Routine.swift */ = {isa = PBXFileReference; lastKnownFileType = sourcecode.swift; path = Routine.swift; sourceTree = "<group>"; };
		188508142977B993005B7BAB /* Todo.swift */ = {isa = PBXFileReference; lastKnownFileType = sourcecode.swift; path = Todo.swift; sourceTree = "<group>"; };
		1885081B2977F4C0005B7BAB /* ListViewModel.swift */ = {isa = PBXFileReference; lastKnownFileType = sourcecode.swift; path = ListViewModel.swift; sourceTree = "<group>"; };
		1885081D2977F53A005B7BAB /* RoutineManager.swift */ = {isa = PBXFileReference; lastKnownFileType = sourcecode.swift; path = RoutineManager.swift; sourceTree = "<group>"; };
		1885081F2977F5CF005B7BAB /* TodoManager.swift */ = {isa = PBXFileReference; lastKnownFileType = sourcecode.swift; path = TodoManager.swift; sourceTree = "<group>"; };
		1885082129784FC9005B7BAB /* Date.swift */ = {isa = PBXFileReference; lastKnownFileType = sourcecode.swift; path = Date.swift; sourceTree = "<group>"; };
		1888269729794BDF00B6523A /* ListViewControllerTests.swift */ = {isa = PBXFileReference; lastKnownFileType = sourcecode.swift; path = ListViewControllerTests.swift; sourceTree = "<group>"; };
		188826AD29794C2100B6523A /* ListViewModelTests.swift */ = {isa = PBXFileReference; lastKnownFileType = sourcecode.swift; path = ListViewModelTests.swift; sourceTree = "<group>"; };
		188826B529796D6E00B6523A /* CreateRoutineViewControllerTests.swift */ = {isa = PBXFileReference; lastKnownFileType = sourcecode.swift; path = CreateRoutineViewControllerTests.swift; sourceTree = "<group>"; };
		188826C32979825E00B6523A /* RoutineUITests.xctest */ = {isa = PBXFileReference; explicitFileType = wrapper.cfbundle; includeInIndex = 0; name = RoutineUITests.xctest; path = "/Users/apple/Desktop/swift/Routine/build/Debug-iphoneos/RoutineUITests.xctest"; sourceTree = "<absolute>"; };
		188826C42979825E00B6523A /* RoutineTests.xctest */ = {isa = PBXFileReference; explicitFileType = wrapper.cfbundle; includeInIndex = 0; name = RoutineTests.xctest; path = /Users/apple/Desktop/swift/Routine/build/Debug/RoutineTests.xctest; sourceTree = "<absolute>"; };
		188BF94229724E3B0057C250 /* CreateRoutineViewController.swift */ = {isa = PBXFileReference; lastKnownFileType = sourcecode.swift; path = CreateRoutineViewController.swift; sourceTree = "<group>"; };
		18B6265B296F111200BDAB50 /* UIColor.swift */ = {isa = PBXFileReference; fileEncoding = 4; lastKnownFileType = sourcecode.swift; path = UIColor.swift; sourceTree = "<group>"; };
		18B6265D296F118F00BDAB50 /* ButtonRoutineTableViewCell.swift */ = {isa = PBXFileReference; lastKnownFileType = sourcecode.swift; name = ButtonRoutineTableViewCell.swift; path = Cell/ButtonRoutineTableViewCell.swift; sourceTree = "<group>"; };
		18B62667296F11F200BDAB50 /* TextRoutineTableViewCell.swift */ = {isa = PBXFileReference; fileEncoding = 4; lastKnownFileType = sourcecode.swift; name = TextRoutineTableViewCell.swift; path = Cell/TextRoutineTableViewCell.swift; sourceTree = "<group>"; };
		18B62668296F11F200BDAB50 /* DailyCollectionViewCell.swift */ = {isa = PBXFileReference; fileEncoding = 4; lastKnownFileType = sourcecode.swift; name = DailyCollectionViewCell.swift; path = Cell/DailyCollectionViewCell.swift; sourceTree = "<group>"; };
		18B6266D296F123800BDAB50 /* TodoListTableViewCell.swift */ = {isa = PBXFileReference; lastKnownFileType = sourcecode.swift; name = TodoListTableViewCell.swift; path = Cell/TodoListTableViewCell.swift; sourceTree = "<group>"; };
		18C363C6296D091B00745400 /* Routine.app */ = {isa = PBXFileReference; explicitFileType = wrapper.application; includeInIndex = 0; path = Routine.app; sourceTree = BUILT_PRODUCTS_DIR; };
		18C363CD296D0C4F00745400 /* ListViewController.swift */ = {isa = PBXFileReference; lastKnownFileType = sourcecode.swift; path = ListViewController.swift; sourceTree = "<group>"; };
		18C363D1296D0D0900745400 /* TabBarController.swift */ = {isa = PBXFileReference; lastKnownFileType = sourcecode.swift; path = TabBarController.swift; sourceTree = "<group>"; };
		18C363D5296D100200745400 /* MyInfoViewController.swift */ = {isa = PBXFileReference; lastKnownFileType = sourcecode.swift; path = MyInfoViewController.swift; sourceTree = "<group>"; };
		18C363D9296D105100745400 /* SettingViewController.swift */ = {isa = PBXFileReference; lastKnownFileType = sourcecode.swift; path = SettingViewController.swift; sourceTree = "<group>"; };
		18C363E6296D4D2700745400 /* CircleTextView.swift */ = {isa = PBXFileReference; lastKnownFileType = sourcecode.swift; path = CircleTextView.swift; sourceTree = "<group>"; };
		18C363F4296D828400745400 /* UICollectionViewCell.swift */ = {isa = PBXFileReference; lastKnownFileType = sourcecode.swift; path = UICollectionViewCell.swift; sourceTree = "<group>"; };
		18C36401296DBFFC00745400 /* CALayer.swift */ = {isa = PBXFileReference; lastKnownFileType = sourcecode.swift; path = CALayer.swift; sourceTree = "<group>"; };
		18C6529629628DDD00EEB927 /* AppDelegate.swift */ = {isa = PBXFileReference; lastKnownFileType = sourcecode.swift; path = AppDelegate.swift; sourceTree = "<group>"; };
		18C6529829628DDD00EEB927 /* SceneDelegate.swift */ = {isa = PBXFileReference; lastKnownFileType = sourcecode.swift; path = SceneDelegate.swift; sourceTree = "<group>"; };
		18C6529F29628DDE00EEB927 /* Assets.xcassets */ = {isa = PBXFileReference; lastKnownFileType = folder.assetcatalog; path = Assets.xcassets; sourceTree = "<group>"; };
		18C652A229628DDE00EEB927 /* Base */ = {isa = PBXFileReference; lastKnownFileType = file.storyboard; name = Base; path = Base.lproj/LaunchScreen.storyboard; sourceTree = "<group>"; };
		18C652A429628DDE00EEB927 /* Info.plist */ = {isa = PBXFileReference; lastKnownFileType = text.plist.xml; path = Info.plist; sourceTree = "<group>"; };
		18C652AC2962A0C400EEB927 /* .swiftlint.yml */ = {isa = PBXFileReference; lastKnownFileType = text.yaml; path = .swiftlint.yml; sourceTree = "<group>"; };
/* End PBXFileReference section */

/* Begin PBXFrameworksBuildPhase section */
		1888269229794BDF00B6523A /* Frameworks */ = {
			isa = PBXFrameworksBuildPhase;
			buildActionMask = 2147483647;
			files = (
			);
			runOnlyForDeploymentPostprocessing = 0;
		};
		188826A129794BF700B6523A /* Frameworks */ = {
			isa = PBXFrameworksBuildPhase;
			buildActionMask = 2147483647;
			files = (
			);
			runOnlyForDeploymentPostprocessing = 0;
		};
		18C6529029628DDD00EEB927 /* Frameworks */ = {
			isa = PBXFrameworksBuildPhase;
			buildActionMask = 2147483647;
			files = (
				18C36400296DBCFE00745400 /* SnapKit-Dynamic in Frameworks */,
			);
			runOnlyForDeploymentPostprocessing = 0;
		};
/* End PBXFrameworksBuildPhase section */

/* Begin PBXGroup section */
		1888269629794BDF00B6523A /* RoutineUITests */ = {
			isa = PBXGroup;
			children = (
				1888269729794BDF00B6523A /* ListViewControllerTests.swift */,
				188826B529796D6E00B6523A /* CreateRoutineViewControllerTests.swift */,
			);
			path = RoutineUITests;
			sourceTree = "<group>";
		};
		188826A529794BF800B6523A /* RoutineTests */ = {
			isa = PBXGroup;
			children = (
				188826AD29794C2100B6523A /* ListViewModelTests.swift */,
			);
			path = RoutineTests;
			sourceTree = "<group>";
		};
		18B6265A296F0F5600BDAB50 /* Cell */ = {
			isa = PBXGroup;
			children = (
				18B62668296F11F200BDAB50 /* DailyCollectionViewCell.swift */,
				18B62667296F11F200BDAB50 /* TextRoutineTableViewCell.swift */,
				18B6265D296F118F00BDAB50 /* ButtonRoutineTableViewCell.swift */,
				18B6266D296F123800BDAB50 /* TodoListTableViewCell.swift */,
			);
			name = Cell;
			sourceTree = "<group>";
		};
		18C363C7296D0A3E00745400 /* ViewController */ = {
			isa = PBXGroup;
			children = (
				18C363CD296D0C4F00745400 /* ListViewController.swift */,
				18C363D1296D0D0900745400 /* TabBarController.swift */,
				18C363D5296D100200745400 /* MyInfoViewController.swift */,
				18C363D9296D105100745400 /* SettingViewController.swift */,
				188BF94229724E3B0057C250 /* CreateRoutineViewController.swift */,
			);
			name = ViewController;
			sourceTree = "<group>";
		};
		18C363C8296D0A4800745400 /* View */ = {
			isa = PBXGroup;
			children = (
				18C363E6296D4D2700745400 /* CircleTextView.swift */,
			);
			path = View;
			sourceTree = "<group>";
		};
		18C363E8296D530300745400 /* Extension */ = {
			isa = PBXGroup;
			children = (
				18B6265B296F111200BDAB50 /* UIColor.swift */,
				18C363F4296D828400745400 /* UICollectionViewCell.swift */,
				18C36401296DBFFC00745400 /* CALayer.swift */,
				188300C1296FA71600E418DB /* UITableView.swift */,
				1885082129784FC9005B7BAB /* Date.swift */,
			);
			path = Extension;
			sourceTree = "<group>";
		};
		18C6528A29628DDD00EEB927 = {
			isa = PBXGroup;
			children = (
				18C652AC2962A0C400EEB927 /* .swiftlint.yml */,
				18C6529529628DDD00EEB927 /* Routine */,
				18C363C6296D091B00745400 /* Routine.app */,
				1888269629794BDF00B6523A /* RoutineUITests */,
				188826A529794BF800B6523A /* RoutineTests */,
			);
			sourceTree = "<group>";
		};
		18C6529529628DDD00EEB927 /* Routine */ = {
			isa = PBXGroup;
			children = (
				18B6265A296F0F5600BDAB50 /* Cell */,
				18C363E8296D530300745400 /* Extension */,
				18C363C8296D0A4800745400 /* View */,
				18C363C7296D0A3E00745400 /* ViewController */,
				18C6529629628DDD00EEB927 /* AppDelegate.swift */,
				18C6529829628DDD00EEB927 /* SceneDelegate.swift */,
				18C6529F29628DDE00EEB927 /* Assets.xcassets */,
				18C652A129628DDE00EEB927 /* LaunchScreen.storyboard */,
				18C652A429628DDE00EEB927 /* Info.plist */,
				188508012977A2BF005B7BAB /* Task.swift */,
				188508122977B98D005B7BAB /* Routine.swift */,
				1885081B2977F4C0005B7BAB /* ListViewModel.swift */,
				1885081D2977F53A005B7BAB /* RoutineManager.swift */,
				1885081F2977F5CF005B7BAB /* TodoManager.swift */,
				188508142977B993005B7BAB /* Todo.swift */,
			);
			path = Routine;
			sourceTree = "<group>";
		};
/* End PBXGroup section */

/* Begin PBXNativeTarget section */
		1888269429794BDF00B6523A /* RoutineUITests */ = {
			isa = PBXNativeTarget;
			buildConfigurationList = 1888269D29794BDF00B6523A /* Build configuration list for PBXNativeTarget "RoutineUITests" */;
			buildPhases = (
				1888269129794BDF00B6523A /* Sources */,
				1888269229794BDF00B6523A /* Frameworks */,
				1888269329794BDF00B6523A /* Resources */,
			);
			buildRules = (
			);
			dependencies = (
				1888269C29794BDF00B6523A /* PBXTargetDependency */,
			);
			name = RoutineUITests;
			packageProductDependencies = (
			);
			productName = RoutineUITests;
			productReference = 188826C32979825E00B6523A /* RoutineUITests.xctest */;
			productType = "com.apple.product-type.bundle.ui-testing";
		};
		188826A329794BF700B6523A /* RoutineTests */ = {
			isa = PBXNativeTarget;
			buildConfigurationList = 188826AA29794BF800B6523A /* Build configuration list for PBXNativeTarget "RoutineTests" */;
			buildPhases = (
				188826A029794BF700B6523A /* Sources */,
				188826A129794BF700B6523A /* Frameworks */,
				188826A229794BF700B6523A /* Resources */,
			);
			buildRules = (
			);
			dependencies = (
				188826A929794BF800B6523A /* PBXTargetDependency */,
			);
			name = RoutineTests;
			productName = RoutineTests;
			productReference = 188826C42979825E00B6523A /* RoutineTests.xctest */;
			productType = "com.apple.product-type.bundle.unit-test";
		};
		18C6529229628DDD00EEB927 /* Routine */ = {
			isa = PBXNativeTarget;
			buildConfigurationList = 18C652A729628DDE00EEB927 /* Build configuration list for PBXNativeTarget "Routine" */;
			buildPhases = (
				18C6528F29628DDD00EEB927 /* Sources */,
				18C6529029628DDD00EEB927 /* Frameworks */,
				18C6529129628DDD00EEB927 /* Resources */,
				18C652AB29629F3500EEB927 /* ShellScript */,
			);
			buildRules = (
			);
			dependencies = (
			);
			name = Routine;
			packageProductDependencies = (
				18C363FF296DBCFE00745400 /* SnapKit-Dynamic */,
			);
			productName = Routine;
			productReference = 18C363C6296D091B00745400 /* Routine.app */;
			productType = "com.apple.product-type.application";
		};
/* End PBXNativeTarget section */

/* Begin PBXProject section */
		18C6528B29628DDD00EEB927 /* Project object */ = {
			isa = PBXProject;
			attributes = {
				BuildIndependentTargetsInParallel = 1;
				LastSwiftUpdateCheck = 1400;
				LastUpgradeCheck = 1400;
				TargetAttributes = {
					1888269429794BDF00B6523A = {
						CreatedOnToolsVersion = 14.0;
						TestTargetID = 18C6529229628DDD00EEB927;
					};
					188826A329794BF700B6523A = {
						CreatedOnToolsVersion = 14.0;
						TestTargetID = 18C6529229628DDD00EEB927;
					};
					18C6529229628DDD00EEB927 = {
						CreatedOnToolsVersion = 14.0;
					};
				};
			};
			buildConfigurationList = 18C6528E29628DDD00EEB927 /* Build configuration list for PBXProject "Routine" */;
			compatibilityVersion = "Xcode 14.0";
			developmentRegion = en;
			hasScannedForEncodings = 0;
			knownRegions = (
				en,
				Base,
			);
			mainGroup = 18C6528A29628DDD00EEB927;
			packageReferences = (
				18C363FE296DBCFE00745400 /* XCRemoteSwiftPackageReference "SnapKit" */,
			);
			productRefGroup = 18C6528A29628DDD00EEB927;
			projectDirPath = "";
			projectRoot = "";
			targets = (
				18C6529229628DDD00EEB927 /* Routine */,
				1888269429794BDF00B6523A /* RoutineUITests */,
				188826A329794BF700B6523A /* RoutineTests */,
			);
		};
/* End PBXProject section */

/* Begin PBXResourcesBuildPhase section */
		1888269329794BDF00B6523A /* Resources */ = {
			isa = PBXResourcesBuildPhase;
			buildActionMask = 2147483647;
			files = (
			);
			runOnlyForDeploymentPostprocessing = 0;
		};
		188826A229794BF700B6523A /* Resources */ = {
			isa = PBXResourcesBuildPhase;
			buildActionMask = 2147483647;
			files = (
			);
			runOnlyForDeploymentPostprocessing = 0;
		};
		18C6529129628DDD00EEB927 /* Resources */ = {
			isa = PBXResourcesBuildPhase;
			buildActionMask = 2147483647;
			files = (
				18C652AD2962A0C400EEB927 /* .swiftlint.yml in Resources */,
				18C652A329628DDE00EEB927 /* LaunchScreen.storyboard in Resources */,
				18C652A029628DDE00EEB927 /* Assets.xcassets in Resources */,
			);
			runOnlyForDeploymentPostprocessing = 0;
		};
/* End PBXResourcesBuildPhase section */

/* Begin PBXShellScriptBuildPhase section */
		18C652AB29629F3500EEB927 /* ShellScript */ = {
			isa = PBXShellScriptBuildPhase;
			alwaysOutOfDate = 1;
			buildActionMask = 2147483647;
			files = (
			);
			inputFileListPaths = (
			);
			inputPaths = (
			);
			outputFileListPaths = (
			);
			outputPaths = (
			);
			runOnlyForDeploymentPostprocessing = 0;
			shellPath = "/bin/sh\n${PODS_ROOT}/SwiftLint/swiftlint";
			shellScript = "export PATH=\"$PATH:/opt/homebrew/bin\"\nif which swiftlint >/dev/null; then\n    swiftlint\nelse \n    echo \"[warning] SwiftLint not installed, download using `brew install swiftlint`\"\nfi\n";
		};
/* End PBXShellScriptBuildPhase section */

/* Begin PBXSourcesBuildPhase section */
		1888269129794BDF00B6523A /* Sources */ = {
			isa = PBXSourcesBuildPhase;
			buildActionMask = 2147483647;
			files = (
				1888269829794BDF00B6523A /* ListViewControllerTests.swift in Sources */,
				188826B729796D6E00B6523A /* CreateRoutineViewControllerTests.swift in Sources */,
			);
			runOnlyForDeploymentPostprocessing = 0;
		};
		188826A029794BF700B6523A /* Sources */ = {
			isa = PBXSourcesBuildPhase;
			buildActionMask = 2147483647;
			files = (
				188826AE29794C2100B6523A /* ListViewModelTests.swift in Sources */,
			);
			runOnlyForDeploymentPostprocessing = 0;
		};
		18C6528F29628DDD00EEB927 /* Sources */ = {
			isa = PBXSourcesBuildPhase;
			buildActionMask = 2147483647;
			files = (
				1885082229784FC9005B7BAB /* Date.swift in Sources */,
				18B6265C296F111200BDAB50 /* UIColor.swift in Sources */,
				18B62669296F11F200BDAB50 /* TextRoutineTableViewCell.swift in Sources */,
				18C6529729628DDD00EEB927 /* AppDelegate.swift in Sources */,
				18C363E7296D4D2700745400 /* CircleTextView.swift in Sources */,
				188508132977B98D005B7BAB /* Routine.swift in Sources */,
				18C363CF296D0C4F00745400 /* ListViewController.swift in Sources */,
				18C6529929628DDD00EEB927 /* SceneDelegate.swift in Sources */,
				18C363F5296D828400745400 /* UICollectionViewCell.swift in Sources */,
				18C363D7296D100200745400 /* MyInfoViewController.swift in Sources */,
				188508202977F5CF005B7BAB /* TodoManager.swift in Sources */,
				18B6265E296F118F00BDAB50 /* ButtonRoutineTableViewCell.swift in Sources */,
				188300C2296FA71600E418DB /* UITableView.swift in Sources */,
				188826B629796D6E00B6523A /* CreateRoutineViewControllerTests.swift in Sources */,
				18B6266E296F123800BDAB50 /* TodoListTableViewCell.swift in Sources */,
				18B6266A296F11F200BDAB50 /* DailyCollectionViewCell.swift in Sources */,
				18C36402296DBFFC00745400 /* CALayer.swift in Sources */,
				1885081E2977F53A005B7BAB /* RoutineManager.swift in Sources */,
				18C363DB296D105100745400 /* SettingViewController.swift in Sources */,
				18C363D3296D0D0900745400 /* TabBarController.swift in Sources */,
				188508022977A2BF005B7BAB /* Task.swift in Sources */,
				1885081C2977F4C0005B7BAB /* ListViewModel.swift in Sources */,
				188BF94329724E3B0057C250 /* CreateRoutineViewController.swift in Sources */,
				188508152977B993005B7BAB /* Todo.swift in Sources */,
			);
			runOnlyForDeploymentPostprocessing = 0;
		};
/* End PBXSourcesBuildPhase section */

/* Begin PBXTargetDependency section */
		1888269C29794BDF00B6523A /* PBXTargetDependency */ = {
			isa = PBXTargetDependency;
			target = 18C6529229628DDD00EEB927 /* Routine */;
			targetProxy = 1888269B29794BDF00B6523A /* PBXContainerItemProxy */;
		};
		188826A929794BF800B6523A /* PBXTargetDependency */ = {
			isa = PBXTargetDependency;
			target = 18C6529229628DDD00EEB927 /* Routine */;
			targetProxy = 188826A829794BF800B6523A /* PBXContainerItemProxy */;
		};
/* End PBXTargetDependency section */

/* Begin PBXVariantGroup section */
		18C652A129628DDE00EEB927 /* LaunchScreen.storyboard */ = {
			isa = PBXVariantGroup;
			children = (
				18C652A229628DDE00EEB927 /* Base */,
			);
			name = LaunchScreen.storyboard;
			sourceTree = "<group>";
		};
/* End PBXVariantGroup section */

/* Begin XCBuildConfiguration section */
		1888269E29794BDF00B6523A /* Debug */ = {
			isa = XCBuildConfiguration;
			buildSettings = {
				CODE_SIGN_STYLE = Automatic;
				CURRENT_PROJECT_VERSION = 1;
				DEVELOPMENT_TEAM = 2FY7M8J988;
				GENERATE_INFOPLIST_FILE = YES;
				IPHONEOS_DEPLOYMENT_TARGET = 13.0;
				MARKETING_VERSION = 1.0;
				PRODUCT_BUNDLE_IDENTIFIER = KD.RoutineUITests;
				PRODUCT_NAME = "$(TARGET_NAME)";
				SWIFT_EMIT_LOC_STRINGS = NO;
				SWIFT_VERSION = 5.0;
				TARGETED_DEVICE_FAMILY = "1,2";
				TEST_TARGET_NAME = Routine;
			};
			name = Debug;
		};
		1888269F29794BDF00B6523A /* Release */ = {
			isa = XCBuildConfiguration;
			buildSettings = {
				CODE_SIGN_STYLE = Automatic;
				CURRENT_PROJECT_VERSION = 1;
				DEVELOPMENT_TEAM = 2FY7M8J988;
				GENERATE_INFOPLIST_FILE = YES;
				IPHONEOS_DEPLOYMENT_TARGET = 13.0;
				MARKETING_VERSION = 1.0;
				PRODUCT_BUNDLE_IDENTIFIER = KD.RoutineUITests;
				PRODUCT_NAME = "$(TARGET_NAME)";
				SWIFT_EMIT_LOC_STRINGS = NO;
				SWIFT_VERSION = 5.0;
				TARGETED_DEVICE_FAMILY = "1,2";
				TEST_TARGET_NAME = Routine;
			};
			name = Release;
		};
		188826AB29794BF800B6523A /* Debug */ = {
			isa = XCBuildConfiguration;
			buildSettings = {
				BUNDLE_LOADER = "$(TEST_HOST)";
				CODE_SIGN_STYLE = Automatic;
				CURRENT_PROJECT_VERSION = 1;
				DEVELOPMENT_TEAM = 2FY7M8J988;
				ENABLE_TESTABILITY = NO;
				GENERATE_INFOPLIST_FILE = YES;
				IPHONEOS_DEPLOYMENT_TARGET = 13.0;
				MACOSX_DEPLOYMENT_TARGET = 12.3;
				MARKETING_VERSION = 1.0;
				PRODUCT_BUNDLE_IDENTIFIER = KD.RoutineTests;
				PRODUCT_NAME = "$(TARGET_NAME)";
				SDKROOT = auto;
				SUPPORTED_PLATFORMS = "iphoneos iphonesimulator macosx";
				SWIFT_EMIT_LOC_STRINGS = NO;
				SWIFT_VERSION = 5.0;
				TARGETED_DEVICE_FAMILY = "1,2";
				TEST_HOST = "$(BUILT_PRODUCTS_DIR)/Routine.app/$(BUNDLE_EXECUTABLE_FOLDER_PATH)/Routine";
			};
			name = Debug;
		};
		188826AC29794BF800B6523A /* Release */ = {
			isa = XCBuildConfiguration;
			buildSettings = {
				BUNDLE_LOADER = "$(TEST_HOST)";
				CODE_SIGN_STYLE = Automatic;
				CURRENT_PROJECT_VERSION = 1;
				DEVELOPMENT_TEAM = 2FY7M8J988;
				ENABLE_TESTABILITY = NO;
				GENERATE_INFOPLIST_FILE = YES;
				IPHONEOS_DEPLOYMENT_TARGET = 13.0;
				MACOSX_DEPLOYMENT_TARGET = 12.3;
				MARKETING_VERSION = 1.0;
				PRODUCT_BUNDLE_IDENTIFIER = KD.RoutineTests;
				PRODUCT_NAME = "$(TARGET_NAME)";
				SDKROOT = auto;
				SUPPORTED_PLATFORMS = "iphoneos iphonesimulator macosx";
				SWIFT_EMIT_LOC_STRINGS = NO;
				SWIFT_VERSION = 5.0;
				TARGETED_DEVICE_FAMILY = "1,2";
				TEST_HOST = "$(BUILT_PRODUCTS_DIR)/Routine.app/$(BUNDLE_EXECUTABLE_FOLDER_PATH)/Routine";
			};
			name = Release;
		};
		18C652A529628DDE00EEB927 /* Debug */ = {
			isa = XCBuildConfiguration;
			buildSettings = {
				ALWAYS_SEARCH_USER_PATHS = NO;
				CLANG_ANALYZER_NONNULL = YES;
				CLANG_ANALYZER_NUMBER_OBJECT_CONVERSION = YES_AGGRESSIVE;
				CLANG_CXX_LANGUAGE_STANDARD = "gnu++20";
				CLANG_ENABLE_MODULES = YES;
				CLANG_ENABLE_OBJC_ARC = YES;
				CLANG_ENABLE_OBJC_WEAK = YES;
				CLANG_WARN_BLOCK_CAPTURE_AUTORELEASING = YES;
				CLANG_WARN_BOOL_CONVERSION = YES;
				CLANG_WARN_COMMA = YES;
				CLANG_WARN_CONSTANT_CONVERSION = YES;
				CLANG_WARN_DEPRECATED_OBJC_IMPLEMENTATIONS = YES;
				CLANG_WARN_DIRECT_OBJC_ISA_USAGE = YES_ERROR;
				CLANG_WARN_DOCUMENTATION_COMMENTS = YES;
				CLANG_WARN_EMPTY_BODY = YES;
				CLANG_WARN_ENUM_CONVERSION = YES;
				CLANG_WARN_INFINITE_RECURSION = YES;
				CLANG_WARN_INT_CONVERSION = YES;
				CLANG_WARN_NON_LITERAL_NULL_CONVERSION = YES;
				CLANG_WARN_OBJC_IMPLICIT_RETAIN_SELF = YES;
				CLANG_WARN_OBJC_LITERAL_CONVERSION = YES;
				CLANG_WARN_OBJC_ROOT_CLASS = YES_ERROR;
				CLANG_WARN_QUOTED_INCLUDE_IN_FRAMEWORK_HEADER = YES;
				CLANG_WARN_RANGE_LOOP_ANALYSIS = YES;
				CLANG_WARN_STRICT_PROTOTYPES = YES;
				CLANG_WARN_SUSPICIOUS_MOVE = YES;
				CLANG_WARN_UNGUARDED_AVAILABILITY = YES_AGGRESSIVE;
				CLANG_WARN_UNREACHABLE_CODE = YES;
				CLANG_WARN__DUPLICATE_METHOD_MATCH = YES;
				COPY_PHASE_STRIP = NO;
				DEBUG_INFORMATION_FORMAT = dwarf;
				ENABLE_STRICT_OBJC_MSGSEND = YES;
				ENABLE_TESTABILITY = YES;
				GCC_C_LANGUAGE_STANDARD = gnu11;
				GCC_DYNAMIC_NO_PIC = NO;
				GCC_NO_COMMON_BLOCKS = YES;
				GCC_OPTIMIZATION_LEVEL = 0;
				GCC_PREPROCESSOR_DEFINITIONS = (
					"DEBUG=1",
					"$(inherited)",
				);
				GCC_WARN_64_TO_32_BIT_CONVERSION = YES;
				GCC_WARN_ABOUT_RETURN_TYPE = YES_ERROR;
				GCC_WARN_UNDECLARED_SELECTOR = YES;
				GCC_WARN_UNINITIALIZED_AUTOS = YES_AGGRESSIVE;
				GCC_WARN_UNUSED_FUNCTION = YES;
				GCC_WARN_UNUSED_VARIABLE = YES;
				IPHONEOS_DEPLOYMENT_TARGET = 13.0;
				MTL_ENABLE_DEBUG_INFO = INCLUDE_SOURCE;
				MTL_FAST_MATH = YES;
				ONLY_ACTIVE_ARCH = YES;
				SDKROOT = iphoneos;
				SWIFT_ACTIVE_COMPILATION_CONDITIONS = DEBUG;
				SWIFT_OPTIMIZATION_LEVEL = "-Onone";
			};
			name = Debug;
		};
		18C652A629628DDE00EEB927 /* Release */ = {
			isa = XCBuildConfiguration;
			buildSettings = {
				ALWAYS_SEARCH_USER_PATHS = NO;
				CLANG_ANALYZER_NONNULL = YES;
				CLANG_ANALYZER_NUMBER_OBJECT_CONVERSION = YES_AGGRESSIVE;
				CLANG_CXX_LANGUAGE_STANDARD = "gnu++20";
				CLANG_ENABLE_MODULES = YES;
				CLANG_ENABLE_OBJC_ARC = YES;
				CLANG_ENABLE_OBJC_WEAK = YES;
				CLANG_WARN_BLOCK_CAPTURE_AUTORELEASING = YES;
				CLANG_WARN_BOOL_CONVERSION = YES;
				CLANG_WARN_COMMA = YES;
				CLANG_WARN_CONSTANT_CONVERSION = YES;
				CLANG_WARN_DEPRECATED_OBJC_IMPLEMENTATIONS = YES;
				CLANG_WARN_DIRECT_OBJC_ISA_USAGE = YES_ERROR;
				CLANG_WARN_DOCUMENTATION_COMMENTS = YES;
				CLANG_WARN_EMPTY_BODY = YES;
				CLANG_WARN_ENUM_CONVERSION = YES;
				CLANG_WARN_INFINITE_RECURSION = YES;
				CLANG_WARN_INT_CONVERSION = YES;
				CLANG_WARN_NON_LITERAL_NULL_CONVERSION = YES;
				CLANG_WARN_OBJC_IMPLICIT_RETAIN_SELF = YES;
				CLANG_WARN_OBJC_LITERAL_CONVERSION = YES;
				CLANG_WARN_OBJC_ROOT_CLASS = YES_ERROR;
				CLANG_WARN_QUOTED_INCLUDE_IN_FRAMEWORK_HEADER = YES;
				CLANG_WARN_RANGE_LOOP_ANALYSIS = YES;
				CLANG_WARN_STRICT_PROTOTYPES = YES;
				CLANG_WARN_SUSPICIOUS_MOVE = YES;
				CLANG_WARN_UNGUARDED_AVAILABILITY = YES_AGGRESSIVE;
				CLANG_WARN_UNREACHABLE_CODE = YES;
				CLANG_WARN__DUPLICATE_METHOD_MATCH = YES;
				COPY_PHASE_STRIP = NO;
				DEBUG_INFORMATION_FORMAT = "dwarf-with-dsym";
				ENABLE_NS_ASSERTIONS = NO;
				ENABLE_STRICT_OBJC_MSGSEND = YES;
				GCC_C_LANGUAGE_STANDARD = gnu11;
				GCC_NO_COMMON_BLOCKS = YES;
				GCC_WARN_64_TO_32_BIT_CONVERSION = YES;
				GCC_WARN_ABOUT_RETURN_TYPE = YES_ERROR;
				GCC_WARN_UNDECLARED_SELECTOR = YES;
				GCC_WARN_UNINITIALIZED_AUTOS = YES_AGGRESSIVE;
				GCC_WARN_UNUSED_FUNCTION = YES;
				GCC_WARN_UNUSED_VARIABLE = YES;
				IPHONEOS_DEPLOYMENT_TARGET = 13.0;
				MTL_ENABLE_DEBUG_INFO = NO;
				MTL_FAST_MATH = YES;
				SDKROOT = iphoneos;
				SWIFT_COMPILATION_MODE = wholemodule;
				SWIFT_OPTIMIZATION_LEVEL = "-O";
				VALIDATE_PRODUCT = YES;
			};
			name = Release;
		};
		18C652A829628DDE00EEB927 /* Debug */ = {
			isa = XCBuildConfiguration;
			buildSettings = {
				ASSETCATALOG_COMPILER_APPICON_NAME = AppIcon;
				ASSETCATALOG_COMPILER_GLOBAL_ACCENT_COLOR_NAME = AccentColor;
				CODE_SIGN_STYLE = Automatic;
				CURRENT_PROJECT_VERSION = 1;
				DEVELOPMENT_TEAM = 2FY7M8J988;
				ENABLE_TESTING_SEARCH_PATHS = YES;
				GENERATE_INFOPLIST_FILE = YES;
				INFOPLIST_FILE = Routine/Info.plist;
				INFOPLIST_KEY_UIApplicationSupportsIndirectInputEvents = YES;
				INFOPLIST_KEY_UILaunchStoryboardName = LaunchScreen;
				INFOPLIST_KEY_UISupportedInterfaceOrientations_iPad = "UIInterfaceOrientationPortrait UIInterfaceOrientationPortraitUpsideDown UIInterfaceOrientationLandscapeLeft UIInterfaceOrientationLandscapeRight";
				INFOPLIST_KEY_UISupportedInterfaceOrientations_iPhone = "UIInterfaceOrientationPortrait UIInterfaceOrientationLandscapeLeft UIInterfaceOrientationLandscapeRight";
				IPHONEOS_DEPLOYMENT_TARGET = 13.0;
				LD_RUNPATH_SEARCH_PATHS = (
					"$(inherited)",
					"@executable_path/Frameworks",
				);
				MARKETING_VERSION = 1.0;
				PRODUCT_BUNDLE_IDENTIFIER = KD.Routine;
				PRODUCT_NAME = "$(TARGET_NAME)";
				SWIFT_EMIT_LOC_STRINGS = YES;
				SWIFT_VERSION = 5.0;
				TARGETED_DEVICE_FAMILY = 1;
			};
			name = Debug;
		};
		18C652A929628DDE00EEB927 /* Release */ = {
			isa = XCBuildConfiguration;
			buildSettings = {
				ASSETCATALOG_COMPILER_APPICON_NAME = AppIcon;
				ASSETCATALOG_COMPILER_GLOBAL_ACCENT_COLOR_NAME = AccentColor;
				CODE_SIGN_STYLE = Automatic;
				CURRENT_PROJECT_VERSION = 1;
				DEVELOPMENT_TEAM = 2FY7M8J988;
				ENABLE_TESTING_SEARCH_PATHS = YES;
				GENERATE_INFOPLIST_FILE = YES;
				INFOPLIST_FILE = Routine/Info.plist;
				INFOPLIST_KEY_UIApplicationSupportsIndirectInputEvents = YES;
				INFOPLIST_KEY_UILaunchStoryboardName = LaunchScreen;
				INFOPLIST_KEY_UISupportedInterfaceOrientations_iPad = "UIInterfaceOrientationPortrait UIInterfaceOrientationPortraitUpsideDown UIInterfaceOrientationLandscapeLeft UIInterfaceOrientationLandscapeRight";
				INFOPLIST_KEY_UISupportedInterfaceOrientations_iPhone = "UIInterfaceOrientationPortrait UIInterfaceOrientationLandscapeLeft UIInterfaceOrientationLandscapeRight";
				IPHONEOS_DEPLOYMENT_TARGET = 13.0;
				LD_RUNPATH_SEARCH_PATHS = (
					"$(inherited)",
					"@executable_path/Frameworks",
				);
				MARKETING_VERSION = 1.0;
				PRODUCT_BUNDLE_IDENTIFIER = KD.Routine;
				PRODUCT_NAME = "$(TARGET_NAME)";
				SWIFT_EMIT_LOC_STRINGS = YES;
				SWIFT_VERSION = 5.0;
				TARGETED_DEVICE_FAMILY = 1;
			};
			name = Release;
		};
/* End XCBuildConfiguration section */

/* Begin XCConfigurationList section */
		1888269D29794BDF00B6523A /* Build configuration list for PBXNativeTarget "RoutineUITests" */ = {
			isa = XCConfigurationList;
			buildConfigurations = (
				1888269E29794BDF00B6523A /* Debug */,
				1888269F29794BDF00B6523A /* Release */,
			);
			defaultConfigurationIsVisible = 0;
			defaultConfigurationName = Release;
		};
		188826AA29794BF800B6523A /* Build configuration list for PBXNativeTarget "RoutineTests" */ = {
			isa = XCConfigurationList;
			buildConfigurations = (
				188826AB29794BF800B6523A /* Debug */,
				188826AC29794BF800B6523A /* Release */,
			);
			defaultConfigurationIsVisible = 0;
			defaultConfigurationName = Release;
		};
		18C6528E29628DDD00EEB927 /* Build configuration list for PBXProject "Routine" */ = {
			isa = XCConfigurationList;
			buildConfigurations = (
				18C652A529628DDE00EEB927 /* Debug */,
				18C652A629628DDE00EEB927 /* Release */,
			);
			defaultConfigurationIsVisible = 0;
			defaultConfigurationName = Release;
		};
		18C652A729628DDE00EEB927 /* Build configuration list for PBXNativeTarget "Routine" */ = {
			isa = XCConfigurationList;
			buildConfigurations = (
				18C652A829628DDE00EEB927 /* Debug */,
				18C652A929628DDE00EEB927 /* Release */,
			);
			defaultConfigurationIsVisible = 0;
			defaultConfigurationName = Release;
		};
/* End XCConfigurationList section */

/* Begin XCRemoteSwiftPackageReference section */
		18C363FE296DBCFE00745400 /* XCRemoteSwiftPackageReference "SnapKit" */ = {
			isa = XCRemoteSwiftPackageReference;
			repositoryURL = "https://github.com/SnapKit/SnapKit.git";
			requirement = {
				kind = upToNextMajorVersion;
				minimumVersion = 5.0.0;
			};
		};
/* End XCRemoteSwiftPackageReference section */

/* Begin XCSwiftPackageProductDependency section */
		18C363FF296DBCFE00745400 /* SnapKit-Dynamic */ = {
			isa = XCSwiftPackageProductDependency;
			package = 18C363FE296DBCFE00745400 /* XCRemoteSwiftPackageReference "SnapKit" */;
			productName = "SnapKit-Dynamic";
		};
/* End XCSwiftPackageProductDependency section */
	};
	rootObject = 18C6528B29628DDD00EEB927 /* Project object */;
}
